// !$*UTF8*$!
{
	archiveVersion = 1;
	classes = {
	};
	objectVersion = 55;
	objects = {

/* Begin PBXBuildFile section */
		B21E8F3B2D1057740064804D /* AppDelegate.swift in Sources */ = {isa = PBXBuildFile; fileRef = B21E8F3A2D1057740064804D /* AppDelegate.swift */; };
		B21E8F3D2D1057740064804D /* SceneDelegate.swift in Sources */ = {isa = PBXBuildFile; fileRef = B21E8F3C2D1057740064804D /* SceneDelegate.swift */; };
		B21E8F3F2D1057740064804D /* MainViewController.swift in Sources */ = {isa = PBXBuildFile; fileRef = B21E8F3E2D1057740064804D /* MainViewController.swift */; };
		B21E8F422D1057740064804D /* Main.storyboard in Resources */ = {isa = PBXBuildFile; fileRef = B21E8F402D1057740064804D /* Main.storyboard */; };
		B21E8F442D1057760064804D /* Assets.xcassets in Resources */ = {isa = PBXBuildFile; fileRef = B21E8F432D1057760064804D /* Assets.xcassets */; };
		B21E8F472D1057760064804D /* LaunchScreen.storyboard in Resources */ = {isa = PBXBuildFile; fileRef = B21E8F452D1057760064804D /* LaunchScreen.storyboard */; };
		B21E8F4F2D105C6B0064804D /* Car.swift in Sources */ = {isa = PBXBuildFile; fileRef = B21E8F4E2D105C6B0064804D /* Car.swift */; };
		B21E8F512D105DB70064804D /* CarListManager.swift in Sources */ = {isa = PBXBuildFile; fileRef = B21E8F502D105DB70064804D /* CarListManager.swift */; };
		B21E8F732D1061910064804D /* SplashViewController.swift in Sources */ = {isa = PBXBuildFile; fileRef = B21E8F722D1061910064804D /* SplashViewController.swift */; };
		B21E8F752D106C5D0064804D /* CarTableViewCell.swift in Sources */ = {isa = PBXBuildFile; fileRef = B21E8F742D106C5D0064804D /* CarTableViewCell.swift */; };
/* End PBXBuildFile section */

/* Begin PBXFileReference section */
		B21E8F372D1057740064804D /* HCar.app */ = {isa = PBXFileReference; explicitFileType = wrapper.application; includeInIndex = 0; path = HCar.app; sourceTree = BUILT_PRODUCTS_DIR; };
		B21E8F3A2D1057740064804D /* AppDelegate.swift */ = {isa = PBXFileReference; lastKnownFileType = sourcecode.swift; path = AppDelegate.swift; sourceTree = "<group>"; };
		B21E8F3C2D1057740064804D /* SceneDelegate.swift */ = {isa = PBXFileReference; lastKnownFileType = sourcecode.swift; path = SceneDelegate.swift; sourceTree = "<group>"; };
		B21E8F3E2D1057740064804D /* MainViewController.swift */ = {isa = PBXFileReference; lastKnownFileType = sourcecode.swift; path = MainViewController.swift; sourceTree = "<group>"; };
		B21E8F412D1057740064804D /* Base */ = {isa = PBXFileReference; lastKnownFileType = file.storyboard; name = Base; path = Base.lproj/Main.storyboard; sourceTree = "<group>"; };
		B21E8F432D1057760064804D /* Assets.xcassets */ = {isa = PBXFileReference; lastKnownFileType = folder.assetcatalog; path = Assets.xcassets; sourceTree = "<group>"; };
		B21E8F462D1057760064804D /* Base */ = {isa = PBXFileReference; lastKnownFileType = file.storyboard; name = Base; path = Base.lproj/LaunchScreen.storyboard; sourceTree = "<group>"; };
		B21E8F482D1057760064804D /* Info.plist */ = {isa = PBXFileReference; lastKnownFileType = text.plist.xml; path = Info.plist; sourceTree = "<group>"; };
		B21E8F4E2D105C6B0064804D /* Car.swift */ = {isa = PBXFileReference; lastKnownFileType = sourcecode.swift; path = Car.swift; sourceTree = "<group>"; };
		B21E8F502D105DB70064804D /* CarListManager.swift */ = {isa = PBXFileReference; lastKnownFileType = sourcecode.swift; path = CarListManager.swift; sourceTree = "<group>"; };
		B21E8F722D1061910064804D /* SplashViewController.swift */ = {isa = PBXFileReference; lastKnownFileType = sourcecode.swift; path = SplashViewController.swift; sourceTree = "<group>"; };
		B21E8F742D106C5D0064804D /* CarTableViewCell.swift */ = {isa = PBXFileReference; lastKnownFileType = sourcecode.swift; path = CarTableViewCell.swift; sourceTree = "<group>"; };
/* End PBXFileReference section */

/* Begin PBXFrameworksBuildPhase section */
		B21E8F342D1057740064804D /* Frameworks */ = {
			isa = PBXFrameworksBuildPhase;
			buildActionMask = 2147483647;
			files = (
			);
			runOnlyForDeploymentPostprocessing = 0;
		};
/* End PBXFrameworksBuildPhase section */

/* Begin PBXGroup section */
		B21E8F2E2D1057740064804D = {
			isa = PBXGroup;
			children = (
				B21E8F392D1057740064804D /* HCar */,
				B21E8F382D1057740064804D /* Products */,
			);
			sourceTree = "<group>";
		};
		B21E8F382D1057740064804D /* Products */ = {
			isa = PBXGroup;
			children = (
				B21E8F372D1057740064804D /* HCar.app */,
			);
			name = Products;
			sourceTree = "<group>";
		};
		B21E8F392D1057740064804D /* HCar */ = {
			isa = PBXGroup;
			children = (
				B21E8F3A2D1057740064804D /* AppDelegate.swift */,
				B21E8F3C2D1057740064804D /* SceneDelegate.swift */,
				B21E8F3E2D1057740064804D /* MainViewController.swift */,
				B21E8F742D106C5D0064804D /* CarTableViewCell.swift */,
				B21E8F722D1061910064804D /* SplashViewController.swift */,
				B21E8F402D1057740064804D /* Main.storyboard */,
				B21E8F432D1057760064804D /* Assets.xcassets */,
				B21E8F452D1057760064804D /* LaunchScreen.storyboard */,
				B21E8F482D1057760064804D /* Info.plist */,
				B21E8F4E2D105C6B0064804D /* Car.swift */,
				B21E8F502D105DB70064804D /* CarListManager.swift */,
			);
			path = HCar;
			sourceTree = "<group>";
		};
/* End PBXGroup section */

/* Begin PBXNativeTarget section */
		B21E8F362D1057740064804D /* HCar */ = {
			isa = PBXNativeTarget;
			buildConfigurationList = B21E8F4B2D1057760064804D /* Build configuration list for PBXNativeTarget "HCar" */;
			buildPhases = (
				B21E8F332D1057740064804D /* Sources */,
				B21E8F342D1057740064804D /* Frameworks */,
				B21E8F352D1057740064804D /* Resources */,
			);
			buildRules = (
			);
			dependencies = (
			);
			name = HCar;
			productName = HCar;
			productReference = B21E8F372D1057740064804D /* HCar.app */;
			productType = "com.apple.product-type.application";
		};
/* End PBXNativeTarget section */

/* Begin PBXProject section */
		B21E8F2F2D1057740064804D /* Project object */ = {
			isa = PBXProject;
			attributes = {
				BuildIndependentTargetsInParallel = 1;
				LastSwiftUpdateCheck = 1330;
				LastUpgradeCheck = 1330;
				TargetAttributes = {
					B21E8F362D1057740064804D = {
						CreatedOnToolsVersion = 13.3.1;
					};
				};
			};
			buildConfigurationList = B21E8F322D1057740064804D /* Build configuration list for PBXProject "HCar" */;
			compatibilityVersion = "Xcode 13.0";
			developmentRegion = en;
			hasScannedForEncodings = 0;
			knownRegions = (
				en,
				Base,
			);
			mainGroup = B21E8F2E2D1057740064804D;
			productRefGroup = B21E8F382D1057740064804D /* Products */;
			projectDirPath = "";
			projectRoot = "";
			targets = (
				B21E8F362D1057740064804D /* HCar */,
			);
		};
/* End PBXProject section */

/* Begin PBXResourcesBuildPhase section */
		B21E8F352D1057740064804D /* Resources */ = {
			isa = PBXResourcesBuildPhase;
			buildActionMask = 2147483647;
			files = (
				B21E8F472D1057760064804D /* LaunchScreen.storyboard in Resources */,
				B21E8F442D1057760064804D /* Assets.xcassets in Resources */,
				B21E8F422D1057740064804D /* Main.storyboard in Resources */,
			);
			runOnlyForDeploymentPostprocessing = 0;
		};
/* End PBXResourcesBuildPhase section */

/* Begin PBXSourcesBuildPhase section */
		B21E8F332D1057740064804D /* Sources */ = {
			isa = PBXSourcesBuildPhase;
			buildActionMask = 2147483647;
			files = (
				B21E8F3F2D1057740064804D /* MainViewController.swift in Sources */,
				B21E8F752D106C5D0064804D /* CarTableViewCell.swift in Sources */,
				B21E8F3B2D1057740064804D /* AppDelegate.swift in Sources */,
				B21E8F4F2D105C6B0064804D /* Car.swift in Sources */,
				B21E8F732D1061910064804D /* SplashViewController.swift in Sources */,
				B21E8F512D105DB70064804D /* CarListManager.swift in Sources */,
				B21E8F3D2D1057740064804D /* SceneDelegate.swift in Sources */,
			);
			runOnlyForDeploymentPostprocessing = 0;
		};
/* End PBXSourcesBuildPhase section */

/* Begin PBXVariantGroup section */
		B21E8F402D1057740064804D /* Main.storyboard */ = {
			isa = PBXVariantGroup;
			children = (
				B21E8F412D1057740064804D /* Base */,
			);
			name = Main.storyboard;
			sourceTree = "<group>";
		};
		B21E8F452D1057760064804D /* LaunchScreen.storyboard */ = {
			isa = PBXVariantGroup;
			children = (
				B21E8F462D1057760064804D /* Base */,
			);
			name = LaunchScreen.storyboard;
			sourceTree = "<group>";
		};
/* End PBXVariantGroup section */

/* Begin XCBuildConfiguration section */
		B21E8F492D1057760064804D /* Debug */ = {
			isa = XCBuildConfiguration;
			buildSettings = {
				ALWAYS_SEARCH_USER_PATHS = NO;
				CLANG_ANALYZER_NONNULL = YES;
				CLANG_ANALYZER_NUMBER_OBJECT_CONVERSION = YES_AGGRESSIVE;
				CLANG_CXX_LANGUAGE_STANDARD = "gnu++17";
				CLANG_ENABLE_MODULES = YES;
				CLANG_ENABLE_OBJC_ARC = YES;
				CLANG_ENABLE_OBJC_WEAK = YES;
				CLANG_WARN_BLOCK_CAPTURE_AUTORELEASING = YES;
				CLANG_WARN_BOOL_CONVERSION = YES;
				CLANG_WARN_COMMA = YES;
				CLANG_WARN_CONSTANT_CONVERSION = YES;
				CLANG_WARN_DEPRECATED_OBJC_IMPLEMENTATIONS = YES;
				CLANG_WARN_DIRECT_OBJC_ISA_USAGE = YES_ERROR;
				CLANG_WARN_DOCUMENTATION_COMMENTS = YES;
				CLANG_WARN_EMPTY_BODY = YES;
				CLANG_WARN_ENUM_CONVERSION = YES;
				CLANG_WARN_INFINITE_RECURSION = YES;
				CLANG_WARN_INT_CONVERSION = YES;
				CLANG_WARN_NON_LITERAL_NULL_CONVERSION = YES;
				CLANG_WARN_OBJC_IMPLICIT_RETAIN_SELF = YES;
				CLANG_WARN_OBJC_LITERAL_CONVERSION = YES;
				CLANG_WARN_OBJC_ROOT_CLASS = YES_ERROR;
				CLANG_WARN_QUOTED_INCLUDE_IN_FRAMEWORK_HEADER = YES;
				CLANG_WARN_RANGE_LOOP_ANALYSIS = YES;
				CLANG_WARN_STRICT_PROTOTYPES = YES;
				CLANG_WARN_SUSPICIOUS_MOVE = YES;
				CLANG_WARN_UNGUARDED_AVAILABILITY = YES_AGGRESSIVE;
				CLANG_WARN_UNREACHABLE_CODE = YES;
				CLANG_WARN__DUPLICATE_METHOD_MATCH = YES;
				COPY_PHASE_STRIP = NO;
				DEBUG_INFORMATION_FORMAT = dwarf;
				ENABLE_STRICT_OBJC_MSGSEND = YES;
				ENABLE_TESTABILITY = YES;
				GCC_C_LANGUAGE_STANDARD = gnu11;
				GCC_DYNAMIC_NO_PIC = NO;
				GCC_NO_COMMON_BLOCKS = YES;
				GCC_OPTIMIZATION_LEVEL = 0;
				GCC_PREPROCESSOR_DEFINITIONS = (
					"DEBUG=1",
					"$(inherited)",
				);
				GCC_WARN_64_TO_32_BIT_CONVERSION = YES;
				GCC_WARN_ABOUT_RETURN_TYPE = YES_ERROR;
				GCC_WARN_UNDECLARED_SELECTOR = YES;
				GCC_WARN_UNINITIALIZED_AUTOS = YES_AGGRESSIVE;
				GCC_WARN_UNUSED_FUNCTION = YES;
				GCC_WARN_UNUSED_VARIABLE = YES;
				IPHONEOS_DEPLOYMENT_TARGET = 15.4;
				MTL_ENABLE_DEBUG_INFO = INCLUDE_SOURCE;
				MTL_FAST_MATH = YES;
				ONLY_ACTIVE_ARCH = YES;
				SDKROOT = iphoneos;
				SWIFT_ACTIVE_COMPILATION_CONDITIONS = DEBUG;
				SWIFT_OPTIMIZATION_LEVEL = "-Onone";
			};
			name = Debug;
		};
		B21E8F4A2D1057760064804D /* Release */ = {
			isa = XCBuildConfiguration;
			buildSettings = {
				ALWAYS_SEARCH_USER_PATHS = NO;
				CLANG_ANALYZER_NONNULL = YES;
				CLANG_ANALYZER_NUMBER_OBJECT_CONVERSION = YES_AGGRESSIVE;
				CLANG_CXX_LANGUAGE_STANDARD = "gnu++17";
				CLANG_ENABLE_MODULES = YES;
				CLANG_ENABLE_OBJC_ARC = YES;
				CLANG_ENABLE_OBJC_WEAK = YES;
				CLANG_WARN_BLOCK_CAPTURE_AUTORELEASING = YES;
				CLANG_WARN_BOOL_CONVERSION = YES;
				CLANG_WARN_COMMA = YES;
				CLANG_WARN_CONSTANT_CONVERSION = YES;
				CLANG_WARN_DEPRECATED_OBJC_IMPLEMENTATIONS = YES;
				CLANG_WARN_DIRECT_OBJC_ISA_USAGE = YES_ERROR;
				CLANG_WARN_DOCUMENTATION_COMMENTS = YES;
				CLANG_WARN_EMPTY_BODY = YES;
				CLANG_WARN_ENUM_CONVERSION = YES;
				CLANG_WARN_INFINITE_RECURSION = YES;
				CLANG_WARN_INT_CONVERSION = YES;
				CLANG_WARN_NON_LITERAL_NULL_CONVERSION = YES;
				CLANG_WARN_OBJC_IMPLICIT_RETAIN_SELF = YES;
				CLANG_WARN_OBJC_LITERAL_CONVERSION = YES;
				CLANG_WARN_OBJC_ROOT_CLASS = YES_ERROR;
				CLANG_WARN_QUOTED_INCLUDE_IN_FRAMEWORK_HEADER = YES;
				CLANG_WARN_RANGE_LOOP_ANALYSIS = YES;
				CLANG_WARN_STRICT_PROTOTYPES = YES;
				CLANG_WARN_SUSPICIOUS_MOVE = YES;
				CLANG_WARN_UNGUARDED_AVAILABILITY = YES_AGGRESSIVE;
				CLANG_WARN_UNREACHABLE_CODE = YES;
				CLANG_WARN__DUPLICATE_METHOD_MATCH = YES;
				COPY_PHASE_STRIP = NO;
				DEBUG_INFORMATION_FORMAT = "dwarf-with-dsym";
				ENABLE_NS_ASSERTIONS = NO;
				ENABLE_STRICT_OBJC_MSGSEND = YES;
				GCC_C_LANGUAGE_STANDARD = gnu11;
				GCC_NO_COMMON_BLOCKS = YES;
				GCC_WARN_64_TO_32_BIT_CONVERSION = YES;
				GCC_WARN_ABOUT_RETURN_TYPE = YES_ERROR;
				GCC_WARN_UNDECLARED_SELECTOR = YES;
				GCC_WARN_UNINITIALIZED_AUTOS = YES_AGGRESSIVE;
				GCC_WARN_UNUSED_FUNCTION = YES;
				GCC_WARN_UNUSED_VARIABLE = YES;
				IPHONEOS_DEPLOYMENT_TARGET = 15.4;
				MTL_ENABLE_DEBUG_INFO = NO;
				MTL_FAST_MATH = YES;
				SDKROOT = iphoneos;
				SWIFT_COMPILATION_MODE = wholemodule;
				SWIFT_OPTIMIZATION_LEVEL = "-O";
				VALIDATE_PRODUCT = YES;
			};
			name = Release;
		};
		B21E8F4C2D1057760064804D /* Debug */ = {
			isa = XCBuildConfiguration;
			buildSettings = {
				ASSETCATALOG_COMPILER_APPICON_NAME = AppIcon;
				ASSETCATALOG_COMPILER_GLOBAL_ACCENT_COLOR_NAME = AccentColor;
				CODE_SIGN_STYLE = Automatic;
				CURRENT_PROJECT_VERSION = 1;
				DEVELOPMENT_TEAM = A49FFF64UW;
				GENERATE_INFOPLIST_FILE = YES;
				INFOPLIST_FILE = HCar/Info.plist;
				INFOPLIST_KEY_CFBundleDisplayName = HCar;
				INFOPLIST_KEY_UIApplicationSupportsIndirectInputEvents = YES;
				INFOPLIST_KEY_UILaunchStoryboardName = LaunchScreen;
				INFOPLIST_KEY_UIMainStoryboardFile = Main;
				INFOPLIST_KEY_UISupportedInterfaceOrientations_iPad = "UIInterfaceOrientationPortrait UIInterfaceOrientationPortraitUpsideDown UIInterfaceOrientationLandscapeLeft UIInterfaceOrientationLandscapeRight";
				INFOPLIST_KEY_UISupportedInterfaceOrientations_iPhone = "UIInterfaceOrientationPortrait UIInterfaceOrientationLandscapeLeft UIInterfaceOrientationLandscapeRight";
				LD_RUNPATH_SEARCH_PATHS = (
					"$(inherited)",
					"@executable_path/Frameworks",
				);
				MARKETING_VERSION = 1.0;
				PRODUCT_BUNDLE_IDENTIFIER = com.keon.HCar;
				PRODUCT_NAME = "$(TARGET_NAME)";
				SWIFT_EMIT_LOC_STRINGS = YES;
				SWIFT_VERSION = 5.0;
				TARGETED_DEVICE_FAMILY = "1,2";
			};
			name = Debug;
		};
		B21E8F4D2D1057760064804D /* Release */ = {
			isa = XCBuildConfiguration;
			buildSettings = {
				ASSETCATALOG_COMPILER_APPICON_NAME = AppIcon;
				ASSETCATALOG_COMPILER_GLOBAL_ACCENT_COLOR_NAME = AccentColor;
				CODE_SIGN_STYLE = Automatic;
				CURRENT_PROJECT_VERSION = 1;
				DEVELOPMENT_TEAM = A49FFF64UW;
				GENERATE_INFOPLIST_FILE = YES;
				INFOPLIST_FILE = HCar/Info.plist;
				INFOPLIST_KEY_CFBundleDisplayName = HCar;
				INFOPLIST_KEY_UIApplicationSupportsIndirectInputEvents = YES;
				INFOPLIST_KEY_UILaunchStoryboardName = LaunchScreen;
				INFOPLIST_KEY_UIMainStoryboardFile = Main;
				INFOPLIST_KEY_UISupportedInterfaceOrientations_iPad = "UIInterfaceOrientationPortrait UIInterfaceOrientationPortraitUpsideDown UIInterfaceOrientationLandscapeLeft UIInterfaceOrientationLandscapeRight";
				INFOPLIST_KEY_UISupportedInterfaceOrientations_iPhone = "UIInterfaceOrientationPortrait UIInterfaceOrientationLandscapeLeft UIInterfaceOrientationLandscapeRight";
				LD_RUNPATH_SEARCH_PATHS = (
					"$(inherited)",
					"@executable_path/Frameworks",
				);
				MARKETING_VERSION = 1.0;
				PRODUCT_BUNDLE_IDENTIFIER = com.keon.HCar;
				PRODUCT_NAME = "$(TARGET_NAME)";
				SWIFT_EMIT_LOC_STRINGS = YES;
				SWIFT_VERSION = 5.0;
				TARGETED_DEVICE_FAMILY = "1,2";
			};
			name = Release;
		};
/* End XCBuildConfiguration section */

/* Begin XCConfigurationList section */
		B21E8F322D1057740064804D /* Build configuration list for PBXProject "HCar" */ = {
			isa = XCConfigurationList;
			buildConfigurations = (
				B21E8F492D1057760064804D /* Debug */,
				B21E8F4A2D1057760064804D /* Release */,
			);
			defaultConfigurationIsVisible = 0;
			defaultConfigurationName = Release;
		};
		B21E8F4B2D1057760064804D /* Build configuration list for PBXNativeTarget "HCar" */ = {
			isa = XCConfigurationList;
			buildConfigurations = (
				B21E8F4C2D1057760064804D /* Debug */,
				B21E8F4D2D1057760064804D /* Release */,
			);
			defaultConfigurationIsVisible = 0;
			defaultConfigurationName = Release;
		};
/* End XCConfigurationList section */
	};
	rootObject = B21E8F2F2D1057740064804D /* Project object */;
}
